
Microsoft Visual Studio Solution File, Format Version 12.00
# Visual Studio 15
VisualStudioVersion = 15.0.27703.2000
MinimumVisualStudioVersion = 10.0.40219.1
Project("{9A19103F-16F7-4668-BE54-9A1E7A4F7556}") = "Basic", "Basic\Basic.csproj", "{15A181DE-7F9E-40CB-8DBD-EF43DB73B929}"
EndProject
Project("{2150E333-8FDC-42A3-9474-1A3956D46DE8}") = "枚举", "枚举", "{E3259A31-7857-44B4-AF9A-AABBFA8AE366}"
EndProject
Project("{9A19103F-16F7-4668-BE54-9A1E7A4F7556}") = "Enum", "Enum\Enum.csproj", "{26B0585F-8216-499F-89BB-1FA27BE34A80}"
EndProject
Project("{2150E333-8FDC-42A3-9474-1A3956D46DE8}") = "参数及值类型和引用类型", "参数及值类型和引用类型", "{5A0EACDB-B88B-4196-872E-DAD19A6454D2}"
EndProject
Project("{9A19103F-16F7-4668-BE54-9A1E7A4F7556}") = "refP", "ref\refP.csproj", "{68CC3CB2-A3B9-4448-89E8-4CB3D3D37FCA}"
EndProject
Project("{9A19103F-16F7-4668-BE54-9A1E7A4F7556}") = "outP", "out\outP.csproj", "{618401B2-CCA5-4375-89E8-51B93C0E79E4}"
EndProject
Project("{9A19103F-16F7-4668-BE54-9A1E7A4F7556}") = "NullForValues", "NullForValues\NullForValues.csproj", "{6E5BBCB4-8431-44C4-BCF7-1FC18C377F1E}"
EndProject
Project("{2150E333-8FDC-42A3-9474-1A3956D46DE8}") = "结构", "结构", "{19C44DD4-01EC-4040-8474-F567308EB950}"
EndProject
Project("{2150E333-8FDC-42A3-9474-1A3956D46DE8}") = "类", "类", "{D325E150-0797-495D-8A58-5F67501E5BAF}"
EndProject
Project("{9A19103F-16F7-4668-BE54-9A1E7A4F7556}") = "StructIsValueType", "StructIsValueType\StructIsValueType.csproj", "{44EBC545-8300-4C5B-8E46-AB2E57D51CDA}"
EndProject
Project("{9A19103F-16F7-4668-BE54-9A1E7A4F7556}") = "UseStructConvertType", "UseStructConvertType\UseStructConvertType.csproj", "{4C47A5D3-DDFA-4631-9BFB-9D3CC3B2D2B2}"
EndProject
Project("{9A19103F-16F7-4668-BE54-9A1E7A4F7556}") = "ArrRefOut", "ArrRefOut\ArrRefOut.csproj", "{22800596-5F54-4769-851D-138E2594D795}"
EndProject
Project("{2150E333-8FDC-42A3-9474-1A3956D46DE8}") = "partial部分类及其部分方法", "partial部分类及其部分方法", "{E7F94997-6EDA-43EF-B57F-FC80C07403C2}"
EndProject
Project("{2150E333-8FDC-42A3-9474-1A3956D46DE8}") = "扩展方法", "扩展方法", "{22083870-0F8D-4AFE-B494-FCFDB9B59A15}"
EndProject
Project("{FAE04EC0-301F-11D3-BF4B-00C04F79EFBC}") = "ExtendMethod", "ExtendMethod\ExtendMethod.csproj", "{E1A6927A-D879-4BCF-A762-1160A0F8A68B}"
EndProject
Project("{2150E333-8FDC-42A3-9474-1A3956D46DE8}") = "委托", "委托", "{C048B51F-0822-4A2A-8703-7A5463469E08}"
EndProject
Project("{2150E333-8FDC-42A3-9474-1A3956D46DE8}") = "事件", "事件", "{07CD0EED-D200-486F-8F18-849AA2FAE22B}"
EndProject
Project("{2150E333-8FDC-42A3-9474-1A3956D46DE8}") = "重构", "重构", "{EAF1E936-853F-4945-AF76-DA8E38544B1D}"
EndProject
Project("{2150E333-8FDC-42A3-9474-1A3956D46DE8}") = "泛型", "泛型", "{C0D57ADA-EA94-4861-AEFC-A45B23693F1A}"
EndProject
Project("{2150E333-8FDC-42A3-9474-1A3956D46DE8}") = "Lambda", "Lambda", "{27367A06-BABC-41D5-81C4-E82F08419643}"
EndProject
Project("{2150E333-8FDC-42A3-9474-1A3956D46DE8}") = "LINQ", "LINQ", "{7E547D22-137B-404E-A7B9-22F879C005ED}"
EndProject
Project("{FAE04EC0-301F-11D3-BF4B-00C04F79EFBC}") = "RefactoringMethod", "RefactAnonymousMethod\RefactoringMethod.csproj", "{311165EF-7832-4524-9228-3F90563B3A47}"
EndProject
Project("{FAE04EC0-301F-11D3-BF4B-00C04F79EFBC}") = "RefactoringName", "RefactoringName\RefactoringName.csproj", "{1589C650-9633-4F73-85AB-C77D73724823}"
EndProject
Project("{FAE04EC0-301F-11D3-BF4B-00C04F79EFBC}") = "RefactoryingEncapsulateField", "EncapsulateField\RefactoryingEncapsulateField.csproj", "{A87D746C-8B54-48B6-BC4C-C36148CF8FC0}"
EndProject
Project("{FAE04EC0-301F-11D3-BF4B-00C04F79EFBC}") = "RefactoringExtractionInterface", "RefactoringExtractionInterface\RefactoringExtractionInterface.csproj", "{0D1FB28F-746E-42CA-B33A-3CF47664CEFE}"
EndProject
Project("{2150E333-8FDC-42A3-9474-1A3956D46DE8}") = "接口", "接口", "{FC6339D7-16A8-408C-9222-8EA817474E74}"
EndProject
Project("{FAE04EC0-301F-11D3-BF4B-00C04F79EFBC}") = "RefactoryingRemoveParameter", "RefactoryingRemoveParameterDemo\RefactoryingRemoveParameter.csproj", "{5EC6E69A-EFAC-46B0-AE16-0239DB3A2F3F}"
EndProject
Project("{FAE04EC0-301F-11D3-BF4B-00C04F79EFBC}") = "RefactoringReorderParameters", "RefactoringReorderParameters\RefactoringReorderParameters.csproj", "{9BAA7EF9-73DF-4CCF-9D5D-F239F268B3BE}"
EndProject
Project("{FAE04EC0-301F-11D3-BF4B-00C04F79EFBC}") = "StructOverrideToString", "StructOverrideToString\StructOverrideToString.csproj", "{D064FD6B-7A94-4D4A-A359-31AC58D951A9}"
EndProject
Project("{2150E333-8FDC-42A3-9474-1A3956D46DE8}") = "继承与多态", "继承与多态", "{37FA5B79-7B68-467E-AD84-C7A5C3A4AFE5}"
EndProject
Project("{FAE04EC0-301F-11D3-BF4B-00C04F79EFBC}") = "Inheritance", "Inheritance\Inheritance.csproj", "{ABF8E988-E2C1-4E3D-A21B-27B71560F087}"
EndProject
Project("{FAE04EC0-301F-11D3-BF4B-00C04F79EFBC}") = "VirtualMethod", "VirtualMethod\VirtualMethod.csproj", "{32209753-E723-4241-BCB2-B322087210AE}"
EndProject
Project("{FAE04EC0-301F-11D3-BF4B-00C04F79EFBC}") = "Polymorphism", "Polymorphism\Polymorphism.csproj", "{EA5240F0-7A46-442A-A3C9-DA464ED85DDF}"
EndProject
Project("{FAE04EC0-301F-11D3-BF4B-00C04F79EFBC}") = "HideMethod", "HideMethod\HideMethod.csproj", "{468278E9-D669-444D-9CB7-207BA44DA34E}"
EndProject
Project("{FAE04EC0-301F-11D3-BF4B-00C04F79EFBC}") = "CallBaseClassMethod", "CallBaseClassMethod\CallBaseClassMethod.csproj", "{E70C8F6B-6076-4CB8-9BBF-31F9D9E849E7}"
EndProject
Project("{FAE04EC0-301F-11D3-BF4B-00C04F79EFBC}") = "AbstractClassAndMethod", "AbstractClassAndMethod\AbstractClassAndMethod.csproj", "{147FD580-8260-4829-8929-7E994A51884B}"
EndProject
Project("{FAE04EC0-301F-11D3-BF4B-00C04F79EFBC}") = "SealedClassAndMethod", "SealedClassAndMethod\SealedClassAndMethod.csproj", "{9400976A-81DC-4338-B7DB-A8AC69F4AF3F}"
EndProject
Project("{FAE04EC0-301F-11D3-BF4B-00C04F79EFBC}") = "InheritanceConstructor", "InheritanceConstructor\InheritanceConstructor.csproj", "{9920A6F3-4350-4A49-BFFD-B79962BFB622}"
EndProject
Project("{FAE04EC0-301F-11D3-BF4B-00C04F79EFBC}") = "InterfaceInheritance", "InterfaceInheritance\InterfaceInheritance.csproj", "{747426BA-A6AE-4772-87DE-73D82EB21FEF}"
EndProject
Global
	GlobalSection(SolutionConfigurationPlatforms) = preSolution
		Debug|Any CPU = Debug|Any CPU
		Release|Any CPU = Release|Any CPU
	EndGlobalSection
	GlobalSection(ProjectConfigurationPlatforms) = postSolution
		{15A181DE-7F9E-40CB-8DBD-EF43DB73B929}.Debug|Any CPU.ActiveCfg = Debug|Any CPU
		{15A181DE-7F9E-40CB-8DBD-EF43DB73B929}.Debug|Any CPU.Build.0 = Debug|Any CPU
		{15A181DE-7F9E-40CB-8DBD-EF43DB73B929}.Release|Any CPU.ActiveCfg = Release|Any CPU
		{15A181DE-7F9E-40CB-8DBD-EF43DB73B929}.Release|Any CPU.Build.0 = Release|Any CPU
		{26B0585F-8216-499F-89BB-1FA27BE34A80}.Debug|Any CPU.ActiveCfg = Debug|Any CPU
		{26B0585F-8216-499F-89BB-1FA27BE34A80}.Debug|Any CPU.Build.0 = Debug|Any CPU
		{26B0585F-8216-499F-89BB-1FA27BE34A80}.Release|Any CPU.ActiveCfg = Release|Any CPU
		{26B0585F-8216-499F-89BB-1FA27BE34A80}.Release|Any CPU.Build.0 = Release|Any CPU
		{68CC3CB2-A3B9-4448-89E8-4CB3D3D37FCA}.Debug|Any CPU.ActiveCfg = Debug|Any CPU
		{68CC3CB2-A3B9-4448-89E8-4CB3D3D37FCA}.Debug|Any CPU.Build.0 = Debug|Any CPU
		{68CC3CB2-A3B9-4448-89E8-4CB3D3D37FCA}.Release|Any CPU.ActiveCfg = Release|Any CPU
		{68CC3CB2-A3B9-4448-89E8-4CB3D3D37FCA}.Release|Any CPU.Build.0 = Release|Any CPU
		{618401B2-CCA5-4375-89E8-51B93C0E79E4}.Debug|Any CPU.ActiveCfg = Debug|Any CPU
		{618401B2-CCA5-4375-89E8-51B93C0E79E4}.Debug|Any CPU.Build.0 = Debug|Any CPU
		{618401B2-CCA5-4375-89E8-51B93C0E79E4}.Release|Any CPU.ActiveCfg = Release|Any CPU
		{618401B2-CCA5-4375-89E8-51B93C0E79E4}.Release|Any CPU.Build.0 = Release|Any CPU
		{6E5BBCB4-8431-44C4-BCF7-1FC18C377F1E}.Debug|Any CPU.ActiveCfg = Debug|Any CPU
		{6E5BBCB4-8431-44C4-BCF7-1FC18C377F1E}.Debug|Any CPU.Build.0 = Debug|Any CPU
		{6E5BBCB4-8431-44C4-BCF7-1FC18C377F1E}.Release|Any CPU.ActiveCfg = Release|Any CPU
		{6E5BBCB4-8431-44C4-BCF7-1FC18C377F1E}.Release|Any CPU.Build.0 = Release|Any CPU
		{44EBC545-8300-4C5B-8E46-AB2E57D51CDA}.Debug|Any CPU.ActiveCfg = Debug|Any CPU
		{44EBC545-8300-4C5B-8E46-AB2E57D51CDA}.Debug|Any CPU.Build.0 = Debug|Any CPU
		{44EBC545-8300-4C5B-8E46-AB2E57D51CDA}.Release|Any CPU.ActiveCfg = Release|Any CPU
		{44EBC545-8300-4C5B-8E46-AB2E57D51CDA}.Release|Any CPU.Build.0 = Release|Any CPU
		{4C47A5D3-DDFA-4631-9BFB-9D3CC3B2D2B2}.Debug|Any CPU.ActiveCfg = Debug|Any CPU
		{4C47A5D3-DDFA-4631-9BFB-9D3CC3B2D2B2}.Debug|Any CPU.Build.0 = Debug|Any CPU
		{4C47A5D3-DDFA-4631-9BFB-9D3CC3B2D2B2}.Release|Any CPU.ActiveCfg = Release|Any CPU
		{4C47A5D3-DDFA-4631-9BFB-9D3CC3B2D2B2}.Release|Any CPU.Build.0 = Release|Any CPU
		{22800596-5F54-4769-851D-138E2594D795}.Debug|Any CPU.ActiveCfg = Debug|Any CPU
		{22800596-5F54-4769-851D-138E2594D795}.Debug|Any CPU.Build.0 = Debug|Any CPU
		{22800596-5F54-4769-851D-138E2594D795}.Release|Any CPU.ActiveCfg = Release|Any CPU
		{22800596-5F54-4769-851D-138E2594D795}.Release|Any CPU.Build.0 = Release|Any CPU
		{E1A6927A-D879-4BCF-A762-1160A0F8A68B}.Debug|Any CPU.ActiveCfg = Debug|Any CPU
		{E1A6927A-D879-4BCF-A762-1160A0F8A68B}.Debug|Any CPU.Build.0 = Debug|Any CPU
		{E1A6927A-D879-4BCF-A762-1160A0F8A68B}.Release|Any CPU.ActiveCfg = Release|Any CPU
		{E1A6927A-D879-4BCF-A762-1160A0F8A68B}.Release|Any CPU.Build.0 = Release|Any CPU
		{311165EF-7832-4524-9228-3F90563B3A47}.Debug|Any CPU.ActiveCfg = Debug|Any CPU
		{311165EF-7832-4524-9228-3F90563B3A47}.Debug|Any CPU.Build.0 = Debug|Any CPU
		{311165EF-7832-4524-9228-3F90563B3A47}.Release|Any CPU.ActiveCfg = Release|Any CPU
		{311165EF-7832-4524-9228-3F90563B3A47}.Release|Any CPU.Build.0 = Release|Any CPU
		{1589C650-9633-4F73-85AB-C77D73724823}.Debug|Any CPU.ActiveCfg = Debug|Any CPU
		{1589C650-9633-4F73-85AB-C77D73724823}.Debug|Any CPU.Build.0 = Debug|Any CPU
		{1589C650-9633-4F73-85AB-C77D73724823}.Release|Any CPU.ActiveCfg = Release|Any CPU
		{1589C650-9633-4F73-85AB-C77D73724823}.Release|Any CPU.Build.0 = Release|Any CPU
		{A87D746C-8B54-48B6-BC4C-C36148CF8FC0}.Debug|Any CPU.ActiveCfg = Debug|Any CPU
		{A87D746C-8B54-48B6-BC4C-C36148CF8FC0}.Debug|Any CPU.Build.0 = Debug|Any CPU
		{A87D746C-8B54-48B6-BC4C-C36148CF8FC0}.Release|Any CPU.ActiveCfg = Release|Any CPU
		{A87D746C-8B54-48B6-BC4C-C36148CF8FC0}.Release|Any CPU.Build.0 = Release|Any CPU
		{0D1FB28F-746E-42CA-B33A-3CF47664CEFE}.Debug|Any CPU.ActiveCfg = Debug|Any CPU
		{0D1FB28F-746E-42CA-B33A-3CF47664CEFE}.Debug|Any CPU.Build.0 = Debug|Any CPU
		{0D1FB28F-746E-42CA-B33A-3CF47664CEFE}.Release|Any CPU.ActiveCfg = Release|Any CPU
		{0D1FB28F-746E-42CA-B33A-3CF47664CEFE}.Release|Any CPU.Build.0 = Release|Any CPU
		{5EC6E69A-EFAC-46B0-AE16-0239DB3A2F3F}.Debug|Any CPU.ActiveCfg = Debug|Any CPU
		{5EC6E69A-EFAC-46B0-AE16-0239DB3A2F3F}.Debug|Any CPU.Build.0 = Debug|Any CPU
		{5EC6E69A-EFAC-46B0-AE16-0239DB3A2F3F}.Release|Any CPU.ActiveCfg = Release|Any CPU
		{5EC6E69A-EFAC-46B0-AE16-0239DB3A2F3F}.Release|Any CPU.Build.0 = Release|Any CPU
		{9BAA7EF9-73DF-4CCF-9D5D-F239F268B3BE}.Debug|Any CPU.ActiveCfg = Debug|Any CPU
		{9BAA7EF9-73DF-4CCF-9D5D-F239F268B3BE}.Debug|Any CPU.Build.0 = Debug|Any CPU
		{9BAA7EF9-73DF-4CCF-9D5D-F239F268B3BE}.Release|Any CPU.ActiveCfg = Release|Any CPU
		{9BAA7EF9-73DF-4CCF-9D5D-F239F268B3BE}.Release|Any CPU.Build.0 = Release|Any CPU
		{D064FD6B-7A94-4D4A-A359-31AC58D951A9}.Debug|Any CPU.ActiveCfg = Debug|Any CPU
		{D064FD6B-7A94-4D4A-A359-31AC58D951A9}.Debug|Any CPU.Build.0 = Debug|Any CPU
		{D064FD6B-7A94-4D4A-A359-31AC58D951A9}.Release|Any CPU.ActiveCfg = Release|Any CPU
		{D064FD6B-7A94-4D4A-A359-31AC58D951A9}.Release|Any CPU.Build.0 = Release|Any CPU
		{ABF8E988-E2C1-4E3D-A21B-27B71560F087}.Debug|Any CPU.ActiveCfg = Debug|Any CPU
		{ABF8E988-E2C1-4E3D-A21B-27B71560F087}.Debug|Any CPU.Build.0 = Debug|Any CPU
		{ABF8E988-E2C1-4E3D-A21B-27B71560F087}.Release|Any CPU.ActiveCfg = Release|Any CPU
		{ABF8E988-E2C1-4E3D-A21B-27B71560F087}.Release|Any CPU.Build.0 = Release|Any CPU
		{32209753-E723-4241-BCB2-B322087210AE}.Debug|Any CPU.ActiveCfg = Debug|Any CPU
		{32209753-E723-4241-BCB2-B322087210AE}.Debug|Any CPU.Build.0 = Debug|Any CPU
		{32209753-E723-4241-BCB2-B322087210AE}.Release|Any CPU.ActiveCfg = Release|Any CPU
		{32209753-E723-4241-BCB2-B322087210AE}.Release|Any CPU.Build.0 = Release|Any CPU
		{EA5240F0-7A46-442A-A3C9-DA464ED85DDF}.Debug|Any CPU.ActiveCfg = Debug|Any CPU
		{EA5240F0-7A46-442A-A3C9-DA464ED85DDF}.Debug|Any CPU.Build.0 = Debug|Any CPU
		{EA5240F0-7A46-442A-A3C9-DA464ED85DDF}.Release|Any CPU.ActiveCfg = Release|Any CPU
		{EA5240F0-7A46-442A-A3C9-DA464ED85DDF}.Release|Any CPU.Build.0 = Release|Any CPU
		{468278E9-D669-444D-9CB7-207BA44DA34E}.Debug|Any CPU.ActiveCfg = Debug|Any CPU
		{468278E9-D669-444D-9CB7-207BA44DA34E}.Debug|Any CPU.Build.0 = Debug|Any CPU
		{468278E9-D669-444D-9CB7-207BA44DA34E}.Release|Any CPU.ActiveCfg = Release|Any CPU
		{468278E9-D669-444D-9CB7-207BA44DA34E}.Release|Any CPU.Build.0 = Release|Any CPU
		{E70C8F6B-6076-4CB8-9BBF-31F9D9E849E7}.Debug|Any CPU.ActiveCfg = Debug|Any CPU
		{E70C8F6B-6076-4CB8-9BBF-31F9D9E849E7}.Debug|Any CPU.Build.0 = Debug|Any CPU
		{E70C8F6B-6076-4CB8-9BBF-31F9D9E849E7}.Release|Any CPU.ActiveCfg = Release|Any CPU
		{E70C8F6B-6076-4CB8-9BBF-31F9D9E849E7}.Release|Any CPU.Build.0 = Release|Any CPU
		{147FD580-8260-4829-8929-7E994A51884B}.Debug|Any CPU.ActiveCfg = Debug|Any CPU
		{147FD580-8260-4829-8929-7E994A51884B}.Debug|Any CPU.Build.0 = Debug|Any CPU
		{147FD580-8260-4829-8929-7E994A51884B}.Release|Any CPU.ActiveCfg = Release|Any CPU
		{147FD580-8260-4829-8929-7E994A51884B}.Release|Any CPU.Build.0 = Release|Any CPU
		{9400976A-81DC-4338-B7DB-A8AC69F4AF3F}.Debug|Any CPU.ActiveCfg = Debug|Any CPU
		{9400976A-81DC-4338-B7DB-A8AC69F4AF3F}.Debug|Any CPU.Build.0 = Debug|Any CPU
		{9400976A-81DC-4338-B7DB-A8AC69F4AF3F}.Release|Any CPU.ActiveCfg = Release|Any CPU
		{9400976A-81DC-4338-B7DB-A8AC69F4AF3F}.Release|Any CPU.Build.0 = Release|Any CPU
		{9920A6F3-4350-4A49-BFFD-B79962BFB622}.Debug|Any CPU.ActiveCfg = Debug|Any CPU
		{9920A6F3-4350-4A49-BFFD-B79962BFB622}.Debug|Any CPU.Build.0 = Debug|Any CPU
		{9920A6F3-4350-4A49-BFFD-B79962BFB622}.Release|Any CPU.ActiveCfg = Release|Any CPU
		{9920A6F3-4350-4A49-BFFD-B79962BFB622}.Release|Any CPU.Build.0 = Release|Any CPU
		{747426BA-A6AE-4772-87DE-73D82EB21FEF}.Debug|Any CPU.ActiveCfg = Debug|Any CPU
		{747426BA-A6AE-4772-87DE-73D82EB21FEF}.Debug|Any CPU.Build.0 = Debug|Any CPU
		{747426BA-A6AE-4772-87DE-73D82EB21FEF}.Release|Any CPU.ActiveCfg = Release|Any CPU
		{747426BA-A6AE-4772-87DE-73D82EB21FEF}.Release|Any CPU.Build.0 = Release|Any CPU
	EndGlobalSection
	GlobalSection(SolutionProperties) = preSolution
		HideSolutionNode = FALSE
	EndGlobalSection
	GlobalSection(NestedProjects) = preSolution
		{26B0585F-8216-499F-89BB-1FA27BE34A80} = {E3259A31-7857-44B4-AF9A-AABBFA8AE366}
		{68CC3CB2-A3B9-4448-89E8-4CB3D3D37FCA} = {5A0EACDB-B88B-4196-872E-DAD19A6454D2}
		{618401B2-CCA5-4375-89E8-51B93C0E79E4} = {5A0EACDB-B88B-4196-872E-DAD19A6454D2}
		{6E5BBCB4-8431-44C4-BCF7-1FC18C377F1E} = {5A0EACDB-B88B-4196-872E-DAD19A6454D2}
		{44EBC545-8300-4C5B-8E46-AB2E57D51CDA} = {19C44DD4-01EC-4040-8474-F567308EB950}
		{4C47A5D3-DDFA-4631-9BFB-9D3CC3B2D2B2} = {19C44DD4-01EC-4040-8474-F567308EB950}
		{22800596-5F54-4769-851D-138E2594D795} = {5A0EACDB-B88B-4196-872E-DAD19A6454D2}
		{E7F94997-6EDA-43EF-B57F-FC80C07403C2} = {D325E150-0797-495D-8A58-5F67501E5BAF}
		{22083870-0F8D-4AFE-B494-FCFDB9B59A15} = {D325E150-0797-495D-8A58-5F67501E5BAF}
		{E1A6927A-D879-4BCF-A762-1160A0F8A68B} = {22083870-0F8D-4AFE-B494-FCFDB9B59A15}
		{311165EF-7832-4524-9228-3F90563B3A47} = {EAF1E936-853F-4945-AF76-DA8E38544B1D}
		{1589C650-9633-4F73-85AB-C77D73724823} = {EAF1E936-853F-4945-AF76-DA8E38544B1D}
		{A87D746C-8B54-48B6-BC4C-C36148CF8FC0} = {EAF1E936-853F-4945-AF76-DA8E38544B1D}
		{0D1FB28F-746E-42CA-B33A-3CF47664CEFE} = {EAF1E936-853F-4945-AF76-DA8E38544B1D}
		{5EC6E69A-EFAC-46B0-AE16-0239DB3A2F3F} = {EAF1E936-853F-4945-AF76-DA8E38544B1D}
		{9BAA7EF9-73DF-4CCF-9D5D-F239F268B3BE} = {EAF1E936-853F-4945-AF76-DA8E38544B1D}
		{D064FD6B-7A94-4D4A-A359-31AC58D951A9} = {19C44DD4-01EC-4040-8474-F567308EB950}
		{ABF8E988-E2C1-4E3D-A21B-27B71560F087} = {37FA5B79-7B68-467E-AD84-C7A5C3A4AFE5}
		{32209753-E723-4241-BCB2-B322087210AE} = {37FA5B79-7B68-467E-AD84-C7A5C3A4AFE5}
		{EA5240F0-7A46-442A-A3C9-DA464ED85DDF} = {37FA5B79-7B68-467E-AD84-C7A5C3A4AFE5}
		{468278E9-D669-444D-9CB7-207BA44DA34E} = {37FA5B79-7B68-467E-AD84-C7A5C3A4AFE5}
		{E70C8F6B-6076-4CB8-9BBF-31F9D9E849E7} = {37FA5B79-7B68-467E-AD84-C7A5C3A4AFE5}
		{147FD580-8260-4829-8929-7E994A51884B} = {37FA5B79-7B68-467E-AD84-C7A5C3A4AFE5}
		{9400976A-81DC-4338-B7DB-A8AC69F4AF3F} = {37FA5B79-7B68-467E-AD84-C7A5C3A4AFE5}
		{9920A6F3-4350-4A49-BFFD-B79962BFB622} = {37FA5B79-7B68-467E-AD84-C7A5C3A4AFE5}
		{747426BA-A6AE-4772-87DE-73D82EB21FEF} = {37FA5B79-7B68-467E-AD84-C7A5C3A4AFE5}
	EndGlobalSection
	GlobalSection(ExtensibilityGlobals) = postSolution
		SolutionGuid = {A5F19548-2245-409D-919C-68FEA1C73449}
	EndGlobalSection
EndGlobal
